
Microsoft Visual Studio Solution File, Format Version 12.00
# Visual Studio 2012
Project("{FAE04EC0-301F-11D3-BF4B-00C04F79EFBC}") = "MvxForms", "MvxForms\MvxForms.csproj", "{B8D89D95-1321-4206-8FBF-D362463801F6}"
EndProject
Project("{FAE04EC0-301F-11D3-BF4B-00C04F79EFBC}") = "MvxForms.iOS", "iOS\MvxForms.iOS.csproj", "{919318FD-5983-4B5B-9A23-1C84F9BEF243}"
EndProject
Project("{FAE04EC0-301F-11D3-BF4B-00C04F79EFBC}") = "MvxForms.Droid", "Droid\MvxForms.Droid.csproj", "{02E774A6-3CF6-45E7-AB3D-08AC944BF08B}"
EndProject
Global
	GlobalSection(SolutionConfigurationPlatforms) = preSolution
		Debug|Any CPU = Debug|Any CPU
		Release|Any CPU = Release|Any CPU
		Debug|iPhoneSimulator = Debug|iPhoneSimulator
		Release|iPhone = Release|iPhone
		Release|iPhoneSimulator = Release|iPhoneSimulator
		Debug|iPhone = Debug|iPhone
	EndGlobalSection
	GlobalSection(ProjectConfigurationPlatforms) = postSolution
		{B8D89D95-1321-4206-8FBF-D362463801F6}.Debug|Any CPU.ActiveCfg = Debug|Any CPU
		{B8D89D95-1321-4206-8FBF-D362463801F6}.Debug|Any CPU.Build.0 = Debug|Any CPU
		{B8D89D95-1321-4206-8FBF-D362463801F6}.Release|Any CPU.ActiveCfg = Release|Any CPU
		{B8D89D95-1321-4206-8FBF-D362463801F6}.Release|Any CPU.Build.0 = Release|Any CPU
		{B8D89D95-1321-4206-8FBF-D362463801F6}.Debug|iPhoneSimulator.ActiveCfg = Debug|Any CPU
		{B8D89D95-1321-4206-8FBF-D362463801F6}.Debug|iPhoneSimulator.Build.0 = Debug|Any CPU
		{B8D89D95-1321-4206-8FBF-D362463801F6}.Release|iPhone.ActiveCfg = Release|Any CPU
		{B8D89D95-1321-4206-8FBF-D362463801F6}.Release|iPhone.Build.0 = Release|Any CPU
		{B8D89D95-1321-4206-8FBF-D362463801F6}.Release|iPhoneSimulator.ActiveCfg = Release|Any CPU
		{B8D89D95-1321-4206-8FBF-D362463801F6}.Release|iPhoneSimulator.Build.0 = Release|Any CPU
		{B8D89D95-1321-4206-8FBF-D362463801F6}.Debug|iPhone.ActiveCfg = Debug|Any CPU
		{B8D89D95-1321-4206-8FBF-D362463801F6}.Debug|iPhone.Build.0 = Debug|Any CPU
		{919318FD-5983-4B5B-9A23-1C84F9BEF243}.Debug|Any CPU.ActiveCfg = Debug|iPhoneSimulator
		{919318FD-5983-4B5B-9A23-1C84F9BEF243}.Debug|Any CPU.Build.0 = Debug|iPhoneSimulator
		{919318FD-5983-4B5B-9A23-1C84F9BEF243}.Release|Any CPU.ActiveCfg = Release|iPhone
		{919318FD-5983-4B5B-9A23-1C84F9BEF243}.Release|Any CPU.Build.0 = Release|iPhone
		{919318FD-5983-4B5B-9A23-1C84F9BEF243}.Debug|iPhoneSimulator.ActiveCfg = Debug|iPhoneSimulator
		{919318FD-5983-4B5B-9A23-1C84F9BEF243}.Debug|iPhoneSimulator.Build.0 = Debug|iPhoneSimulator
		{919318FD-5983-4B5B-9A23-1C84F9BEF243}.Release|iPhone.ActiveCfg = Release|iPhone
		{919318FD-5983-4B5B-9A23-1C84F9BEF243}.Release|iPhone.Build.0 = Release|iPhone
		{919318FD-5983-4B5B-9A23-1C84F9BEF243}.Release|iPhoneSimulator.ActiveCfg = Release|iPhoneSimulator
		{919318FD-5983-4B5B-9A23-1C84F9BEF243}.Release|iPhoneSimulator.Build.0 = Release|iPhoneSimulator
		{919318FD-5983-4B5B-9A23-1C84F9BEF243}.Debug|iPhone.ActiveCfg = Debug|iPhone
		{919318FD-5983-4B5B-9A23-1C84F9BEF243}.Debug|iPhone.Build.0 = Debug|iPhone
		{02E774A6-3CF6-45E7-AB3D-08AC944BF08B}.Debug|Any CPU.ActiveCfg = Debug|Any CPU
		{02E774A6-3CF6-45E7-AB3D-08AC944BF08B}.Debug|Any CPU.Build.0 = Debug|Any CPU
		{02E774A6-3CF6-45E7-AB3D-08AC944BF08B}.Release|Any CPU.ActiveCfg = Release|Any CPU
		{02E774A6-3CF6-45E7-AB3D-08AC944BF08B}.Release|Any CPU.Build.0 = Release|Any CPU
		{02E774A6-3CF6-45E7-AB3D-08AC944BF08B}.Debug|iPhoneSimulator.ActiveCfg = Debug|Any CPU
		{02E774A6-3CF6-45E7-AB3D-08AC944BF08B}.Debug|iPhoneSimulator.Build.0 = Debug|Any CPU
		{02E774A6-3CF6-45E7-AB3D-08AC944BF08B}.Release|iPhone.ActiveCfg = Release|Any CPU
		{02E774A6-3CF6-45E7-AB3D-08AC944BF08B}.Release|iPhone.Build.0 = Release|Any CPU
		{02E774A6-3CF6-45E7-AB3D-08AC944BF08B}.Release|iPhoneSimulator.ActiveCfg = Release|Any CPU
		{02E774A6-3CF6-45E7-AB3D-08AC944BF08B}.Release|iPhoneSimulator.Build.0 = Release|Any CPU
		{02E774A6-3CF6-45E7-AB3D-08AC944BF08B}.Debug|iPhone.ActiveCfg = Debug|Any CPU
		{02E774A6-3CF6-45E7-AB3D-08AC944BF08B}.Debug|iPhone.Build.0 = Debug|Any CPU
	EndGlobalSection
EndGlobal
